
Microsoft Visual Studio Solution File, Format Version 12.00
# Visual Studio 15
VisualStudioVersion = 15.0.27130.2024
MinimumVisualStudioVersion = 10.0.40219.1
Project("{FAE04EC0-301F-11D3-BF4B-00C04F79EFBC}") = "LastCurrencyAPI.Application", "LastCurrencyAPI.Application\LastCurrencyAPI.Application.csproj", "{A1D44D83-C101-431F-84C3-456C84F997A6}"
EndProject
Project("{FAE04EC0-301F-11D3-BF4B-00C04F79EFBC}") = "LastCurrencyAPI.Core", "LastCurrency.Core\LastCurrencyAPI.Core.csproj", "{FFFF27CC-A426-4F0E-A37A-73413EF34961}"
EndProject
Project("{FAE04EC0-301F-11D3-BF4B-00C04F79EFBC}") = "LastCurrencyAPI.Infrastructure", "LastCurrencyAPI.Infrastructure\LastCurrencyAPI.Infrastructure.csproj", "{5E6396E4-A781-4036-B23F-5DA8A040EDCC}"
EndProject
Global
	GlobalSection(SolutionConfigurationPlatforms) = preSolution
		Debug|Any CPU = Debug|Any CPU
		Release|Any CPU = Release|Any CPU
	EndGlobalSection
	GlobalSection(ProjectConfigurationPlatforms) = postSolution
		{A1D44D83-C101-431F-84C3-456C84F997A6}.Debug|Any CPU.ActiveCfg = Debug|Any CPU
		{A1D44D83-C101-431F-84C3-456C84F997A6}.Debug|Any CPU.Build.0 = Debug|Any CPU
		{A1D44D83-C101-431F-84C3-456C84F997A6}.Release|Any CPU.ActiveCfg = Release|Any CPU
		{A1D44D83-C101-431F-84C3-456C84F997A6}.Release|Any CPU.Build.0 = Release|Any CPU
		{FFFF27CC-A426-4F0E-A37A-73413EF34961}.Debug|Any CPU.ActiveCfg = Debug|Any CPU
		{FFFF27CC-A426-4F0E-A37A-73413EF34961}.Debug|Any CPU.Build.0 = Debug|Any CPU
		{FFFF27CC-A426-4F0E-A37A-73413EF34961}.Release|Any CPU.ActiveCfg = Release|Any CPU
		{FFFF27CC-A426-4F0E-A37A-73413EF34961}.Release|Any CPU.Build.0 = Release|Any CPU
		{5E6396E4-A781-4036-B23F-5DA8A040EDCC}.Debug|Any CPU.ActiveCfg = Debug|Any CPU
		{5E6396E4-A781-4036-B23F-5DA8A040EDCC}.Debug|Any CPU.Build.0 = Debug|Any CPU
		{5E6396E4-A781-4036-B23F-5DA8A040EDCC}.Release|Any CPU.ActiveCfg = Release|Any CPU
		{5E6396E4-A781-4036-B23F-5DA8A040EDCC}.Release|Any CPU.Build.0 = Release|Any CPU
	EndGlobalSection
	GlobalSection(SolutionProperties) = preSolution
		HideSolutionNode = FALSE
	EndGlobalSection
	GlobalSection(ExtensibilityGlobals) = postSolution
		SolutionGuid = {E69A497C-04B6-4DEA-B227-9809AFFD14BA}
	EndGlobalSection
EndGlobal
